{
  "name": "nide",
  "version": "1.0.0",
  "lockfileVersion": 1,
  "requires": true,
  "dependencies": {
    "control-sequence-introducer": {
      "version": "0.0.2",
      "resolved": "https://registry.npmjs.org/control-sequence-introducer/-/control-sequence-introducer-0.0.2.tgz",
      "integrity": "sha1-FOyvnq3KJxYy+inftb5KCJNzVGU=",
      "requires": {
        "terminal-escape-char": "*"
      }
    },
    "hide-terminal-cursor": {
      "version": "0.0.1",
      "resolved": "https://registry.npmjs.org/hide-terminal-cursor/-/hide-terminal-cursor-0.0.1.tgz",
      "integrity": "sha1-jKZT1fF0jcfUF3IR9znxHXAjWt4=",
      "requires": {
        "control-sequence-introducer": "0.0.2"
      }
    },
    "keypress": {
      "version": "0.2.1",
      "resolved": "https://registry.npmjs.org/keypress/-/keypress-0.2.1.tgz",
      "integrity": "sha1-HoBFQlABjbrUw/6USX1uZ7YmnHc="
    },
    "show-terminal-cursor": {
      "version": "0.0.2",
      "resolved": "https://registry.npmjs.org/show-terminal-cursor/-/show-terminal-cursor-0.0.2.tgz",
      "integrity": "sha1-BqcmGjGzZNO55QpPq+qHtKZOfB4=",
      "requires": {
        "control-sequence-introducer": "*"
      }
    },
    "terminal-escape-char": {
      "version": "0.0.4",
      "resolved": "https://registry.npmjs.org/terminal-escape-char/-/terminal-escape-char-0.0.4.tgz",
      "integrity": "sha1-WTzZZKzKZzX3AaV9p2ZccLjxIrA="
    }
  }
}
